
Microsoft Visual Studio Solution File, Format Version 12.00
# Visual Studio Version 17
VisualStudioVersion = 17.5.2.0
MinimumVisualStudioVersion = 10.0.40219.1
Project("{2150E333-8FDC-42A3-9474-1A3956D46DE8}") = "src", "src", "{827E0CD3-B72D-47B6-A68D-7590B98EB39B}"
EndProject
Project("{FAE04EC0-301F-11D3-BF4B-00C04F79EFBC}") = "MemoRecipe.Api", "src\MemoRecipe.Api\MemoRecipe.Api.csproj", "{6AF1B723-22AC-F335-3518-AF2C39A531D3}"
EndProject
Project("{FAE04EC0-301F-11D3-BF4B-00C04F79EFBC}") = "MemoRecipe.Application", "src\MemoRecipe.Application\MemoRecipe.Application.csproj", "{094A2807-5DDB-8D7F-FB7A-940C4D1717A0}"
EndProject
Project("{FAE04EC0-301F-11D3-BF4B-00C04F79EFBC}") = "MemoRecipe.Domain", "src\MemoRecipe.Domain\MemoRecipe.Domain.csproj", "{85BCBFA3-0C5F-B468-E50F-848FF7B059EE}"
EndProject
Project("{FAE04EC0-301F-11D3-BF4B-00C04F79EFBC}") = "MemoRecipe.Infrastructure", "src\MemoRecipe.Infrastructure\MemoRecipe.Infrastructure.csproj", "{2C2AC31A-BF7B-2C30-C061-3271CD07BE2B}"
EndProject
Project("{FAE04EC0-301F-11D3-BF4B-00C04F79EFBC}") = "MemoRecipe.Infrastructure.Tests", "..\..\tests\MemoRecipe.Infrastructure.Tests\MemoRecipe.Infrastructure.Tests.csproj", "{38FBBC2C-784B-45E0-85A0-F92E2D505D05}"
EndProject
Project("{FAE04EC0-301F-11D3-BF4B-00C04F79EFBC}") = "MemoRecipe.Application.Tests", "..\..\tests\MemoRecipe.Application.Tests\MemoRecipe.Application.Tests.csproj", "{31B39B9B-1E2B-45E5-A069-E011903ED90B}"
EndProject
Project("{FAE04EC0-301F-11D3-BF4B-00C04F79EFBC}") = "MemoRecipe.Api.Tests", "..\..\tests\MemoRecipe.Api.Tests\MemoRecipe.Api.Tests.csproj", "{86BDD699-EA1F-4B77-9BA2-A2F8DE039A75}"
EndProject
Global
	GlobalSection(SolutionConfigurationPlatforms) = preSolution
		Debug|Any CPU = Debug|Any CPU
		Debug|x64 = Debug|x64
		Debug|x86 = Debug|x86
		Release|Any CPU = Release|Any CPU
		Release|x64 = Release|x64
		Release|x86 = Release|x86
	EndGlobalSection
	GlobalSection(ProjectConfigurationPlatforms) = postSolution
		{6AF1B723-22AC-F335-3518-AF2C39A531D3}.Debug|Any CPU.ActiveCfg = Debug|Any CPU
		{6AF1B723-22AC-F335-3518-AF2C39A531D3}.Debug|Any CPU.Build.0 = Debug|Any CPU
		{6AF1B723-22AC-F335-3518-AF2C39A531D3}.Debug|x64.ActiveCfg = Debug|Any CPU
		{6AF1B723-22AC-F335-3518-AF2C39A531D3}.Debug|x64.Build.0 = Debug|Any CPU
		{6AF1B723-22AC-F335-3518-AF2C39A531D3}.Debug|x86.ActiveCfg = Debug|Any CPU
		{6AF1B723-22AC-F335-3518-AF2C39A531D3}.Debug|x86.Build.0 = Debug|Any CPU
		{6AF1B723-22AC-F335-3518-AF2C39A531D3}.Release|Any CPU.ActiveCfg = Release|Any CPU
		{6AF1B723-22AC-F335-3518-AF2C39A531D3}.Release|Any CPU.Build.0 = Release|Any CPU
		{6AF1B723-22AC-F335-3518-AF2C39A531D3}.Release|x64.ActiveCfg = Release|Any CPU
		{6AF1B723-22AC-F335-3518-AF2C39A531D3}.Release|x64.Build.0 = Release|Any CPU
		{6AF1B723-22AC-F335-3518-AF2C39A531D3}.Release|x86.ActiveCfg = Release|Any CPU
		{6AF1B723-22AC-F335-3518-AF2C39A531D3}.Release|x86.Build.0 = Release|Any CPU
		{094A2807-5DDB-8D7F-FB7A-940C4D1717A0}.Debug|Any CPU.ActiveCfg = Debug|Any CPU
		{094A2807-5DDB-8D7F-FB7A-940C4D1717A0}.Debug|Any CPU.Build.0 = Debug|Any CPU
		{094A2807-5DDB-8D7F-FB7A-940C4D1717A0}.Debug|x64.ActiveCfg = Debug|Any CPU
		{094A2807-5DDB-8D7F-FB7A-940C4D1717A0}.Debug|x64.Build.0 = Debug|Any CPU
		{094A2807-5DDB-8D7F-FB7A-940C4D1717A0}.Debug|x86.ActiveCfg = Debug|Any CPU
		{094A2807-5DDB-8D7F-FB7A-940C4D1717A0}.Debug|x86.Build.0 = Debug|Any CPU
		{094A2807-5DDB-8D7F-FB7A-940C4D1717A0}.Release|Any CPU.ActiveCfg = Release|Any CPU
		{094A2807-5DDB-8D7F-FB7A-940C4D1717A0}.Release|Any CPU.Build.0 = Release|Any CPU
		{094A2807-5DDB-8D7F-FB7A-940C4D1717A0}.Release|x64.ActiveCfg = Release|Any CPU
		{094A2807-5DDB-8D7F-FB7A-940C4D1717A0}.Release|x64.Build.0 = Release|Any CPU
		{094A2807-5DDB-8D7F-FB7A-940C4D1717A0}.Release|x86.ActiveCfg = Release|Any CPU
		{094A2807-5DDB-8D7F-FB7A-940C4D1717A0}.Release|x86.Build.0 = Release|Any CPU
		{85BCBFA3-0C5F-B468-E50F-848FF7B059EE}.Debug|Any CPU.ActiveCfg = Debug|Any CPU
		{85BCBFA3-0C5F-B468-E50F-848FF7B059EE}.Debug|Any CPU.Build.0 = Debug|Any CPU
		{85BCBFA3-0C5F-B468-E50F-848FF7B059EE}.Debug|x64.ActiveCfg = Debug|Any CPU
		{85BCBFA3-0C5F-B468-E50F-848FF7B059EE}.Debug|x64.Build.0 = Debug|Any CPU
		{85BCBFA3-0C5F-B468-E50F-848FF7B059EE}.Debug|x86.ActiveCfg = Debug|Any CPU
		{85BCBFA3-0C5F-B468-E50F-848FF7B059EE}.Debug|x86.Build.0 = Debug|Any CPU
		{85BCBFA3-0C5F-B468-E50F-848FF7B059EE}.Release|Any CPU.ActiveCfg = Release|Any CPU
		{85BCBFA3-0C5F-B468-E50F-848FF7B059EE}.Release|Any CPU.Build.0 = Release|Any CPU
		{85BCBFA3-0C5F-B468-E50F-848FF7B059EE}.Release|x64.ActiveCfg = Release|Any CPU
		{85BCBFA3-0C5F-B468-E50F-848FF7B059EE}.Release|x64.Build.0 = Release|Any CPU
		{85BCBFA3-0C5F-B468-E50F-848FF7B059EE}.Release|x86.ActiveCfg = Release|Any CPU
		{85BCBFA3-0C5F-B468-E50F-848FF7B059EE}.Release|x86.Build.0 = Release|Any CPU
		{2C2AC31A-BF7B-2C30-C061-3271CD07BE2B}.Debug|Any CPU.ActiveCfg = Debug|Any CPU
		{2C2AC31A-BF7B-2C30-C061-3271CD07BE2B}.Debug|Any CPU.Build.0 = Debug|Any CPU
		{2C2AC31A-BF7B-2C30-C061-3271CD07BE2B}.Debug|x64.ActiveCfg = Debug|Any CPU
		{2C2AC31A-BF7B-2C30-C061-3271CD07BE2B}.Debug|x64.Build.0 = Debug|Any CPU
		{2C2AC31A-BF7B-2C30-C061-3271CD07BE2B}.Debug|x86.ActiveCfg = Debug|Any CPU
		{2C2AC31A-BF7B-2C30-C061-3271CD07BE2B}.Debug|x86.Build.0 = Debug|Any CPU
		{2C2AC31A-BF7B-2C30-C061-3271CD07BE2B}.Release|Any CPU.ActiveCfg = Release|Any CPU
		{2C2AC31A-BF7B-2C30-C061-3271CD07BE2B}.Release|Any CPU.Build.0 = Release|Any CPU
		{2C2AC31A-BF7B-2C30-C061-3271CD07BE2B}.Release|x64.ActiveCfg = Release|Any CPU
		{2C2AC31A-BF7B-2C30-C061-3271CD07BE2B}.Release|x64.Build.0 = Release|Any CPU
		{2C2AC31A-BF7B-2C30-C061-3271CD07BE2B}.Release|x86.ActiveCfg = Release|Any CPU
		{2C2AC31A-BF7B-2C30-C061-3271CD07BE2B}.Release|x86.Build.0 = Release|Any CPU
		{38FBBC2C-784B-45E0-85A0-F92E2D505D05}.Debug|Any CPU.ActiveCfg = Debug|Any CPU
		{38FBBC2C-784B-45E0-85A0-F92E2D505D05}.Debug|Any CPU.Build.0 = Debug|Any CPU
		{38FBBC2C-784B-45E0-85A0-F92E2D505D05}.Debug|x64.ActiveCfg = Debug|Any CPU
		{38FBBC2C-784B-45E0-85A0-F92E2D505D05}.Debug|x64.Build.0 = Debug|Any CPU
		{38FBBC2C-784B-45E0-85A0-F92E2D505D05}.Debug|x86.ActiveCfg = Debug|Any CPU
		{38FBBC2C-784B-45E0-85A0-F92E2D505D05}.Debug|x86.Build.0 = Debug|Any CPU
		{38FBBC2C-784B-45E0-85A0-F92E2D505D05}.Release|Any CPU.ActiveCfg = Release|Any CPU
		{38FBBC2C-784B-45E0-85A0-F92E2D505D05}.Release|Any CPU.Build.0 = Release|Any CPU
		{38FBBC2C-784B-45E0-85A0-F92E2D505D05}.Release|x64.ActiveCfg = Release|Any CPU
		{38FBBC2C-784B-45E0-85A0-F92E2D505D05}.Release|x64.Build.0 = Release|Any CPU
		{38FBBC2C-784B-45E0-85A0-F92E2D505D05}.Release|x86.ActiveCfg = Release|Any CPU
		{38FBBC2C-784B-45E0-85A0-F92E2D505D05}.Release|x86.Build.0 = Release|Any CPU
		{31B39B9B-1E2B-45E5-A069-E011903ED90B}.Debug|Any CPU.ActiveCfg = Debug|Any CPU
		{31B39B9B-1E2B-45E5-A069-E011903ED90B}.Debug|Any CPU.Build.0 = Debug|Any CPU
		{31B39B9B-1E2B-45E5-A069-E011903ED90B}.Debug|x64.ActiveCfg = Debug|Any CPU
		{31B39B9B-1E2B-45E5-A069-E011903ED90B}.Debug|x64.Build.0 = Debug|Any CPU
		{31B39B9B-1E2B-45E5-A069-E011903ED90B}.Debug|x86.ActiveCfg = Debug|Any CPU
		{31B39B9B-1E2B-45E5-A069-E011903ED90B}.Debug|x86.Build.0 = Debug|Any CPU
		{31B39B9B-1E2B-45E5-A069-E011903ED90B}.Release|Any CPU.ActiveCfg = Release|Any CPU
		{31B39B9B-1E2B-45E5-A069-E011903ED90B}.Release|Any CPU.Build.0 = Release|Any CPU
		{31B39B9B-1E2B-45E5-A069-E011903ED90B}.Release|x64.ActiveCfg = Release|Any CPU
		{31B39B9B-1E2B-45E5-A069-E011903ED90B}.Release|x64.Build.0 = Release|Any CPU
		{31B39B9B-1E2B-45E5-A069-E011903ED90B}.Release|x86.ActiveCfg = Release|Any CPU
		{31B39B9B-1E2B-45E5-A069-E011903ED90B}.Release|x86.Build.0 = Release|Any CPU
		{86BDD699-EA1F-4B77-9BA2-A2F8DE039A75}.Debug|Any CPU.ActiveCfg = Debug|Any CPU
		{86BDD699-EA1F-4B77-9BA2-A2F8DE039A75}.Debug|Any CPU.Build.0 = Debug|Any CPU
		{86BDD699-EA1F-4B77-9BA2-A2F8DE039A75}.Debug|x64.ActiveCfg = Debug|Any CPU
		{86BDD699-EA1F-4B77-9BA2-A2F8DE039A75}.Debug|x64.Build.0 = Debug|Any CPU
		{86BDD699-EA1F-4B77-9BA2-A2F8DE039A75}.Debug|x86.ActiveCfg = Debug|Any CPU
		{86BDD699-EA1F-4B77-9BA2-A2F8DE039A75}.Debug|x86.Build.0 = Debug|Any CPU
		{86BDD699-EA1F-4B77-9BA2-A2F8DE039A75}.Release|Any CPU.ActiveCfg = Release|Any CPU
		{86BDD699-EA1F-4B77-9BA2-A2F8DE039A75}.Release|Any CPU.Build.0 = Release|Any CPU
		{86BDD699-EA1F-4B77-9BA2-A2F8DE039A75}.Release|x64.ActiveCfg = Release|Any CPU
		{86BDD699-EA1F-4B77-9BA2-A2F8DE039A75}.Release|x64.Build.0 = Release|Any CPU
		{86BDD699-EA1F-4B77-9BA2-A2F8DE039A75}.Release|x86.ActiveCfg = Release|Any CPU
		{86BDD699-EA1F-4B77-9BA2-A2F8DE039A75}.Release|x86.Build.0 = Release|Any CPU
	EndGlobalSection
	GlobalSection(SolutionProperties) = preSolution
		HideSolutionNode = FALSE
	EndGlobalSection
	GlobalSection(NestedProjects) = preSolution
		{6AF1B723-22AC-F335-3518-AF2C39A531D3} = {827E0CD3-B72D-47B6-A68D-7590B98EB39B}
		{094A2807-5DDB-8D7F-FB7A-940C4D1717A0} = {827E0CD3-B72D-47B6-A68D-7590B98EB39B}
		{85BCBFA3-0C5F-B468-E50F-848FF7B059EE} = {827E0CD3-B72D-47B6-A68D-7590B98EB39B}
		{2C2AC31A-BF7B-2C30-C061-3271CD07BE2B} = {827E0CD3-B72D-47B6-A68D-7590B98EB39B}
	EndGlobalSection
	GlobalSection(ExtensibilityGlobals) = postSolution
		SolutionGuid = {3A5F1D09-75D3-41EB-9978-0502F226FE32}
	EndGlobalSection
EndGlobal
