Microsoft Visual Studio Solution File, Format Version 12.00
# Visual Studio Version 17
VisualStudioVersion = 17.5.2.0
MinimumVisualStudioVersion = 10.0.40219.1
Project("{2150E333-8FDC-42A3-9474-1A3956D46DE8}") = "src", "src", "{827E0CD3-B72D-47B6-A68D-7590B98EB39B}"
EndProject
Project("{FAE04EC0-301F-11D3-BF4B-00C04F79EFBC}") = "MemoRecipe.Api", "src\MemoRecipe.Api\MemoRecipe.Api.csproj", "{6AF1B723-22AC-F335-3518-AF2C39A531D3}"
EndProject
Project("{FAE04EC0-301F-11D3-BF4B-00C04F79EFBC}") = "MemoRecipe.Application", "src\MemoRecipe.Application\MemoRecipe.Application.csproj", "{094A2807-5DDB-8D7F-FB7A-940C4D1717A0}"
EndProject
Project("{FAE04EC0-301F-11D3-BF4B-00C04F79EFBC}") = "MemoRecipe.Domain", "src\MemoRecipe.Domain\MemoRecipe.Domain.csproj", "{85BCBFA3-0C5F-B468-E50F-848FF7B059EE}"
EndProject
Project("{FAE04EC0-301F-11D3-BF4B-00C04F79EFBC}") = "MemoRecipe.Infrastructure", "src\MemoRecipe.Infrastructure\MemoRecipe.Infrastructure.csproj", "{2C2AC31A-BF7B-2C30-C061-3271CD07BE2B}"
EndProject
Global
	GlobalSection(SolutionConfigurationPlatforms) = preSolution
		Debug|Any CPU = Debug|Any CPU
		Release|Any CPU = Release|Any CPU
	EndGlobalSection
	GlobalSection(ProjectConfigurationPlatforms) = postSolution
		{6AF1B723-22AC-F335-3518-AF2C39A531D3}.Debug|Any CPU.ActiveCfg = Debug|Any CPU
		{6AF1B723-22AC-F335-3518-AF2C39A531D3}.Debug|Any CPU.Build.0 = Debug|Any CPU
		{6AF1B723-22AC-F335-3518-AF2C39A531D3}.Release|Any CPU.ActiveCfg = Release|Any CPU
		{6AF1B723-22AC-F335-3518-AF2C39A531D3}.Release|Any CPU.Build.0 = Release|Any CPU
		{094A2807-5DDB-8D7F-FB7A-940C4D1717A0}.Debug|Any CPU.ActiveCfg = Debug|Any CPU
		{094A2807-5DDB-8D7F-FB7A-940C4D1717A0}.Debug|Any CPU.Build.0 = Debug|Any CPU
		{094A2807-5DDB-8D7F-FB7A-940C4D1717A0}.Release|Any CPU.ActiveCfg = Release|Any CPU
		{094A2807-5DDB-8D7F-FB7A-940C4D1717A0}.Release|Any CPU.Build.0 = Release|Any CPU
		{85BCBFA3-0C5F-B468-E50F-848FF7B059EE}.Debug|Any CPU.ActiveCfg = Debug|Any CPU
		{85BCBFA3-0C5F-B468-E50F-848FF7B059EE}.Debug|Any CPU.Build.0 = Debug|Any CPU
		{85BCBFA3-0C5F-B468-E50F-848FF7B059EE}.Release|Any CPU.ActiveCfg = Release|Any CPU
		{85BCBFA3-0C5F-B468-E50F-848FF7B059EE}.Release|Any CPU.Build.0 = Release|Any CPU
		{2C2AC31A-BF7B-2C30-C061-3271CD07BE2B}.Debug|Any CPU.ActiveCfg = Debug|Any CPU
		{2C2AC31A-BF7B-2C30-C061-3271CD07BE2B}.Debug|Any CPU.Build.0 = Debug|Any CPU
		{2C2AC31A-BF7B-2C30-C061-3271CD07BE2B}.Release|Any CPU.ActiveCfg = Release|Any CPU
		{2C2AC31A-BF7B-2C30-C061-3271CD07BE2B}.Release|Any CPU.Build.0 = Release|Any CPU
	EndGlobalSection
	GlobalSection(SolutionProperties) = preSolution
		HideSolutionNode = FALSE
	EndGlobalSection
	GlobalSection(NestedProjects) = preSolution
		{6AF1B723-22AC-F335-3518-AF2C39A531D3} = {827E0CD3-B72D-47B6-A68D-7590B98EB39B}
		{094A2807-5DDB-8D7F-FB7A-940C4D1717A0} = {827E0CD3-B72D-47B6-A68D-7590B98EB39B}
		{85BCBFA3-0C5F-B468-E50F-848FF7B059EE} = {827E0CD3-B72D-47B6-A68D-7590B98EB39B}
		{2C2AC31A-BF7B-2C30-C061-3271CD07BE2B} = {827E0CD3-B72D-47B6-A68D-7590B98EB39B}
	EndGlobalSection
	GlobalSection(ExtensibilityGlobals) = postSolution
		SolutionGuid = {3A5F1D09-75D3-41EB-9978-0502F226FE32}
	EndGlobalSection
EndGlobal
